
Microsoft Visual Studio Solution File, Format Version 12.00
# Visual Studio 14
VisualStudioVersion = 14.0.24720.0
MinimumVisualStudioVersion = 10.0.40219.1
Project("{FAE04EC0-301F-11D3-BF4B-00C04F79EFBC}") = "JustEatCodeTestWeb", "JustEatCodeTestWeb\JustEatCodeTestWeb.csproj", "{29ED7D2A-A74D-49F5-B7DF-230D22D1EEED}"
EndProject
Project("{FAE04EC0-301F-11D3-BF4B-00C04F79EFBC}") = "JustEatCodeTestWeb.Tests", "JustEatCodeTestWeb.Tests\JustEatCodeTestWeb.Tests.csproj", "{18317F69-9F0B-42FF-A89A-9213A1C324A3}"
EndProject
Project("{2150E333-8FDC-42A3-9474-1A3956D46DE8}") = "Solution Items", "Solution Items", "{7EF61A9F-40CA-4C8D-AFFE-3C9DD6AD7895}"
	ProjectSection(SolutionItems) = preProject
		Answers to technical questions.md = Answers to technical questions.md
	EndProjectSection
EndProject
Global
	GlobalSection(SolutionConfigurationPlatforms) = preSolution
		Debug|Any CPU = Debug|Any CPU
		Release|Any CPU = Release|Any CPU
	EndGlobalSection
	GlobalSection(ProjectConfigurationPlatforms) = postSolution
		{29ED7D2A-A74D-49F5-B7DF-230D22D1EEED}.Debug|Any CPU.ActiveCfg = Debug|Any CPU
		{29ED7D2A-A74D-49F5-B7DF-230D22D1EEED}.Debug|Any CPU.Build.0 = Debug|Any CPU
		{29ED7D2A-A74D-49F5-B7DF-230D22D1EEED}.Release|Any CPU.ActiveCfg = Release|Any CPU
		{29ED7D2A-A74D-49F5-B7DF-230D22D1EEED}.Release|Any CPU.Build.0 = Release|Any CPU
		{18317F69-9F0B-42FF-A89A-9213A1C324A3}.Debug|Any CPU.ActiveCfg = Debug|Any CPU
		{18317F69-9F0B-42FF-A89A-9213A1C324A3}.Debug|Any CPU.Build.0 = Debug|Any CPU
		{18317F69-9F0B-42FF-A89A-9213A1C324A3}.Release|Any CPU.ActiveCfg = Release|Any CPU
		{18317F69-9F0B-42FF-A89A-9213A1C324A3}.Release|Any CPU.Build.0 = Release|Any CPU
	EndGlobalSection
	GlobalSection(SolutionProperties) = preSolution
		HideSolutionNode = FALSE
	EndGlobalSection
EndGlobal
